
Microsoft Visual Studio Solution File, Format Version 12.00
# Visual Studio Version 17
VisualStudioVersion = 17.1.32228.430
MinimumVisualStudioVersion = 10.0.40219.1
Project("{FAE04EC0-301F-11D3-BF4B-00C04F79EFBC}") = "minimal-api-playground", "minimal-api-playground.csproj", "{5FF96463-C6DC-4B70-AF77-EFA09292C279}"
EndProject
Global
	GlobalSection(SolutionConfigurationPlatforms) = preSolution
		Debug|Any CPU = Debug|Any CPU
		Release|Any CPU = Release|Any CPU
	EndGlobalSection
	GlobalSection(ProjectConfigurationPlatforms) = postSolution
		{5FF96463-C6DC-4B70-AF77-EFA09292C279}.Debug|Any CPU.ActiveCfg = Debug|Any CPU
		{5FF96463-C6DC-4B70-AF77-EFA09292C279}.Debug|Any CPU.Build.0 = Debug|Any CPU
		{5FF96463-C6DC-4B70-AF77-EFA09292C279}.Release|Any CPU.ActiveCfg = Release|Any CPU
		{5FF96463-C6DC-4B70-AF77-EFA09292C279}.Release|Any CPU.Build.0 = Release|Any CPU
	EndGlobalSection
	GlobalSection(SolutionProperties) = preSolution
		HideSolutionNode = FALSE
	EndGlobalSection
	GlobalSection(ExtensibilityGlobals) = postSolution
		SolutionGuid = {0BA3EBFE-BBD4-4F56-932B-4CBD8EBAEE81}
	EndGlobalSection
EndGlobal
